
Microsoft Visual Studio Solution File, Format Version 12.00
# Visual Studio 15
VisualStudioVersion = 15.0.28010.2050
MinimumVisualStudioVersion = 10.0.40219.1
Project("{FAE04EC0-301F-11D3-BF4B-00C04F79EFBC}") = "MafiaFlix", "MafiaFlix\MafiaFlix.csproj", "{D638E3E6-E173-4814-B6AA-ED8B9C0F34D7}"
EndProject
Global
	GlobalSection(SolutionConfigurationPlatforms) = preSolution
		Debug|Any CPU = Debug|Any CPU
		Release|Any CPU = Release|Any CPU
	EndGlobalSection
	GlobalSection(ProjectConfigurationPlatforms) = postSolution
		{D638E3E6-E173-4814-B6AA-ED8B9C0F34D7}.Debug|Any CPU.ActiveCfg = Debug|Any CPU
		{D638E3E6-E173-4814-B6AA-ED8B9C0F34D7}.Debug|Any CPU.Build.0 = Debug|Any CPU
		{D638E3E6-E173-4814-B6AA-ED8B9C0F34D7}.Release|Any CPU.ActiveCfg = Release|Any CPU
		{D638E3E6-E173-4814-B6AA-ED8B9C0F34D7}.Release|Any CPU.Build.0 = Release|Any CPU
	EndGlobalSection
	GlobalSection(SolutionProperties) = preSolution
		HideSolutionNode = FALSE
	EndGlobalSection
	GlobalSection(ExtensibilityGlobals) = postSolution
		SolutionGuid = {FB97226A-98B8-40B2-A689-03CD51F1EA7F}
	EndGlobalSection
EndGlobal
